
Microsoft Visual Studio Solution File, Format Version 12.00
# Visual Studio Version 16
VisualStudioVersion = 16.0.31205.134
MinimumVisualStudioVersion = 10.0.40219.1
Project("{9A19103F-16F7-4668-BE54-9A1E7A4F7556}") = "DanceSchool", "DanceSchool\DanceSchool.csproj", "{5253DA4A-0A3F-48D8-A2B3-F058BE5A6469}"
EndProject
Project("{2150E333-8FDC-42A3-9474-1A3956D46DE8}") = "NewFolder1", "NewFolder1", "{18B9B393-4D8A-42EC-8AD1-A4C71C890AFE}"
	ProjectSection(SolutionItems) = preProject
		DanceSchool\Form\GoinOrRegistr.cs = DanceSchool\Form\GoinOrRegistr.cs
		DanceSchool\Form\GoinOrRegistr.Designer.cs = DanceSchool\Form\GoinOrRegistr.Designer.cs
		DanceSchool\Form\GoinOrRegistr.resx = DanceSchool\Form\GoinOrRegistr.resx
		DanceSchool\Form\Main.cs = DanceSchool\Form\Main.cs
		DanceSchool\Form\Main.Designer.cs = DanceSchool\Form\Main.Designer.cs
		DanceSchool\Form\Main.resx = DanceSchool\Form\Main.resx
	EndProjectSection
EndProject
Global
	GlobalSection(SolutionConfigurationPlatforms) = preSolution
		Debug|Any CPU = Debug|Any CPU
		Release|Any CPU = Release|Any CPU
	EndGlobalSection
	GlobalSection(ProjectConfigurationPlatforms) = postSolution
		{5253DA4A-0A3F-48D8-A2B3-F058BE5A6469}.Debug|Any CPU.ActiveCfg = Debug|Any CPU
		{5253DA4A-0A3F-48D8-A2B3-F058BE5A6469}.Debug|Any CPU.Build.0 = Debug|Any CPU
		{5253DA4A-0A3F-48D8-A2B3-F058BE5A6469}.Release|Any CPU.ActiveCfg = Release|Any CPU
		{5253DA4A-0A3F-48D8-A2B3-F058BE5A6469}.Release|Any CPU.Build.0 = Release|Any CPU
	EndGlobalSection
	GlobalSection(SolutionProperties) = preSolution
		HideSolutionNode = FALSE
	EndGlobalSection
	GlobalSection(ExtensibilityGlobals) = postSolution
		SolutionGuid = {518CA8C4-E1E7-4C2D-8ECB-C94097AF1544}
	EndGlobalSection
EndGlobal
